
Microsoft Visual Studio Solution File, Format Version 12.00
Project("{FAE04EC0-301F-11D3-BF4B-00C04F79EFBC}") = "WebApi", "WebApi\WebApi.csproj", "{1FBFF141-96E7-4C1B-B838-94529CE16B8E}"
EndProject
Project("{FAE04EC0-301F-11D3-BF4B-00C04F79EFBC}") = "DeviceManager", "DeviceManager\DeviceManager.csproj", "{A4FB453C-012E-4AD5-803F-488F7A36B319}"
EndProject
Global
	GlobalSection(SolutionConfigurationPlatforms) = preSolution
		Debug|Any CPU = Debug|Any CPU
		Release|Any CPU = Release|Any CPU
	EndGlobalSection
	GlobalSection(ProjectConfigurationPlatforms) = postSolution
		{1FBFF141-96E7-4C1B-B838-94529CE16B8E}.Debug|Any CPU.ActiveCfg = Debug|Any CPU
		{1FBFF141-96E7-4C1B-B838-94529CE16B8E}.Debug|Any CPU.Build.0 = Debug|Any CPU
		{1FBFF141-96E7-4C1B-B838-94529CE16B8E}.Release|Any CPU.ActiveCfg = Release|Any CPU
		{1FBFF141-96E7-4C1B-B838-94529CE16B8E}.Release|Any CPU.Build.0 = Release|Any CPU
		{A4FB453C-012E-4AD5-803F-488F7A36B319}.Debug|Any CPU.ActiveCfg = Debug|Any CPU
		{A4FB453C-012E-4AD5-803F-488F7A36B319}.Debug|Any CPU.Build.0 = Debug|Any CPU
		{A4FB453C-012E-4AD5-803F-488F7A36B319}.Release|Any CPU.ActiveCfg = Release|Any CPU
		{A4FB453C-012E-4AD5-803F-488F7A36B319}.Release|Any CPU.Build.0 = Release|Any CPU
	EndGlobalSection
EndGlobal
